
Microsoft Visual Studio Solution File, Format Version 12.00
# Visual Studio Version 17
VisualStudioVersion = 17.7.34031.279
MinimumVisualStudioVersion = 10.0.40219.1
Project("{9A19103F-16F7-4668-BE54-9A1E7A4F7556}") = "AdventOfCode2023", "AdventOfCode2023\AdventOfCode2023.csproj", "{6DAEE419-A9A7-4EE6-B52A-8D8B83BB8E67}"
EndProject
Project("{9A19103F-16F7-4668-BE54-9A1E7A4F7556}") = "Test.Project", "Test.Project\Test.Project.csproj", "{DCEB7DAF-455A-4D7F-8B69-FE74A6D1A391}"
EndProject
Global
	GlobalSection(SolutionConfigurationPlatforms) = preSolution
		Debug|Any CPU = Debug|Any CPU
		Release|Any CPU = Release|Any CPU
	EndGlobalSection
	GlobalSection(ProjectConfigurationPlatforms) = postSolution
		{6DAEE419-A9A7-4EE6-B52A-8D8B83BB8E67}.Debug|Any CPU.ActiveCfg = Debug|Any CPU
		{6DAEE419-A9A7-4EE6-B52A-8D8B83BB8E67}.Debug|Any CPU.Build.0 = Debug|Any CPU
		{6DAEE419-A9A7-4EE6-B52A-8D8B83BB8E67}.Release|Any CPU.ActiveCfg = Release|Any CPU
		{6DAEE419-A9A7-4EE6-B52A-8D8B83BB8E67}.Release|Any CPU.Build.0 = Release|Any CPU
		{DCEB7DAF-455A-4D7F-8B69-FE74A6D1A391}.Debug|Any CPU.ActiveCfg = Debug|Any CPU
		{DCEB7DAF-455A-4D7F-8B69-FE74A6D1A391}.Debug|Any CPU.Build.0 = Debug|Any CPU
		{DCEB7DAF-455A-4D7F-8B69-FE74A6D1A391}.Release|Any CPU.ActiveCfg = Release|Any CPU
		{DCEB7DAF-455A-4D7F-8B69-FE74A6D1A391}.Release|Any CPU.Build.0 = Release|Any CPU
	EndGlobalSection
	GlobalSection(SolutionProperties) = preSolution
		HideSolutionNode = FALSE
	EndGlobalSection
	GlobalSection(ExtensibilityGlobals) = postSolution
		SolutionGuid = {869B013A-3051-4D57-A6C9-4FE42A82E85A}
	EndGlobalSection
EndGlobal
